PODS:
  - AFNetworking (4.0.1.1):
    - AFNetworking/NSURLSession (= 4.0.1.1)
    - AFNetworking/Reachability (= 4.0.1.1)
    - AFNetworking/Security (= 4.0.1.1)
    - AFNetworking/Serialization (= 4.0.1.1)
    - AFNetworking/UIKit (= 4.0.1.1)
  - AFNetworking/NSURLSession (4.0.1.1):
    - AFNetworking/Reachability
    - AFNetworking/Security
    - AFNetworking/Serialization
  - AFNetworking/Reachability (4.0.1.1)
  - AFNetworking/Security (4.0.1.1)
  - AFNetworking/Serialization (4.0.1.1)
  - AFNetworking/UIKit (4.0.1.1):
    - AFNetworking/NSURLSession
  - SocketRocket (0.5.1.1)

DEPENDENCIES:
  - AFNetworking
  - SocketRocket

SPEC REPOS:
  https://github.com/ElfSundae/CocoaPods-Specs.git:
    - AFNetworking
    - SocketRocket

SPEC CHECKSUMS:
  AFNetworking: b0d1964fb2aaa5fc2e81181532ae293db6e79c77
  SocketRocket: cb9581754d1552b2dfa548d8ce9fa8e9705a46c8

PODFILE CHECKSUM: 3c162fa0ea59b128cdb912730612e7da9b08e723

COCOAPODS: 1.9.1
