PODS:
  - AFNetworking (4.0.1.1):
    - AFNetworking/NSURLSession (= 4.0.1.1)
    - AFNetworking/Reachability (= 4.0.1.1)
    - AFNetworking/Security (= 4.0.1.1)
    - AFNetworking/Serialization (= 4.0.1.1)
    - AFNetworking/UIKit (= 4.0.1.1)
  - AFNetworking/NSURLSession (4.0.1.1):
    - AFNetworking/Reachability
    - AFNetworking/Security
    - AFNetworking/Serialization
  - AFNetworking/Reachability (4.0.1.1)
  - AFNetworking/Security (4.0.1.1)
  - AFNetworking/Serialization (4.0.1.1)
  - AFNetworking/UIKit (4.0.1.1):
    - AFNetworking/NSURLSession

DEPENDENCIES:
  - AFNetworking

SPEC REPOS:
  https://github.com/ElfSundae/CocoaPods-Specs.git:
    - AFNetworking

SPEC CHECKSUMS:
  AFNetworking: b0d1964fb2aaa5fc2e81181532ae293db6e79c77

PODFILE CHECKSUM: 503ffbb5cb6ddfe08176d711a92bef13caab97b3

COCOAPODS: 1.9.1
